// !$*UTF8*$!
{
	archiveVersion = 1;
	classes = {
	};
	objectVersion = 55;
	objects = {

/* Begin PBXBuildFile section */
		06C463032B04D6BF0080E90E /* APIService.swift in Sources */ = {isa = PBXBuildFile; fileRef = 06C463022B04D6BF0080E90E /* APIService.swift */; };
		06C463052B04D6FF0080E90E /* NetworkError.swift in Sources */ = {isa = PBXBuildFile; fileRef = 06C463042B04D6FF0080E90E /* NetworkError.swift */; };
		06D20A102B03A28D00711090 /* ToDoApp.swift in Sources */ = {isa = PBXBuildFile; fileRef = 06D20A0F2B03A28D00711090 /* ToDoApp.swift */; };
		06D20A142B03A28E00711090 /* Assets.xcassets in Resources */ = {isa = PBXBuildFile; fileRef = 06D20A132B03A28E00711090 /* Assets.xcassets */; };
		06D20A172B03A28E00711090 /* Preview Assets.xcassets in Resources */ = {isa = PBXBuildFile; fileRef = 06D20A162B03A28E00711090 /* Preview Assets.xcassets */; };
		06D20A212B03A28E00711090 /* ToDoTests.swift in Sources */ = {isa = PBXBuildFile; fileRef = 06D20A202B03A28E00711090 /* ToDoTests.swift */; };
		06D20A2B2B03A28E00711090 /* ToDoUITests.swift in Sources */ = {isa = PBXBuildFile; fileRef = 06D20A2A2B03A28E00711090 /* ToDoUITests.swift */; };
		06D20A2D2B03A28E00711090 /* ToDoUITestsLaunchTests.swift in Sources */ = {isa = PBXBuildFile; fileRef = 06D20A2C2B03A28E00711090 /* ToDoUITestsLaunchTests.swift */; };
		06D20A3A2B03AA6200711090 /* ToDoListView.swift in Sources */ = {isa = PBXBuildFile; fileRef = 06D20A392B03AA6200711090 /* ToDoListView.swift */; };
		06D20A3F2B03AC5A00711090 /* ToDoListViewModel.swift in Sources */ = {isa = PBXBuildFile; fileRef = 06D20A3E2B03AC5A00711090 /* ToDoListViewModel.swift */; };
		06D20A412B03AFB500711090 /* ToDoListModel.swift in Sources */ = {isa = PBXBuildFile; fileRef = 06D20A402B03AFB500711090 /* ToDoListModel.swift */; };
		06D20A432B03B25F00711090 /* NewItemView.swift in Sources */ = {isa = PBXBuildFile; fileRef = 06D20A422B03B25F00711090 /* NewItemView.swift */; };
		06D20A452B03B3C400711090 /* NewItemViewModel.swift in Sources */ = {isa = PBXBuildFile; fileRef = 06D20A442B03B3C400711090 /* NewItemViewModel.swift */; };
/* End PBXBuildFile section */

/* Begin PBXContainerItemProxy section */
		06D20A1D2B03A28E00711090 /* PBXContainerItemProxy */ = {
			isa = PBXContainerItemProxy;
			containerPortal = 06D20A042B03A28D00711090 /* Project object */;
			proxyType = 1;
			remoteGlobalIDString = 06D20A0B2B03A28D00711090;
			remoteInfo = ToDo;
		};
		06D20A272B03A28E00711090 /* PBXContainerItemProxy */ = {
			isa = PBXContainerItemProxy;
			containerPortal = 06D20A042B03A28D00711090 /* Project object */;
			proxyType = 1;
			remoteGlobalIDString = 06D20A0B2B03A28D00711090;
			remoteInfo = ToDo;
		};
/* End PBXContainerItemProxy section */

/* Begin PBXFileReference section */
		06C463022B04D6BF0080E90E /* APIService.swift */ = {isa = PBXFileReference; lastKnownFileType = sourcecode.swift; path = APIService.swift; sourceTree = "<group>"; };
		06C463042B04D6FF0080E90E /* NetworkError.swift */ = {isa = PBXFileReference; lastKnownFileType = sourcecode.swift; path = NetworkError.swift; sourceTree = "<group>"; };
		06D20A0C2B03A28D00711090 /* ToDo.app */ = {isa = PBXFileReference; explicitFileType = wrapper.application; includeInIndex = 0; path = ToDo.app; sourceTree = BUILT_PRODUCTS_DIR; };
		06D20A0F2B03A28D00711090 /* ToDoApp.swift */ = {isa = PBXFileReference; lastKnownFileType = sourcecode.swift; path = ToDoApp.swift; sourceTree = "<group>"; };
		06D20A132B03A28E00711090 /* Assets.xcassets */ = {isa = PBXFileReference; lastKnownFileType = folder.assetcatalog; path = Assets.xcassets; sourceTree = "<group>"; };
		06D20A162B03A28E00711090 /* Preview Assets.xcassets */ = {isa = PBXFileReference; lastKnownFileType = folder.assetcatalog; path = "Preview Assets.xcassets"; sourceTree = "<group>"; };
		06D20A1C2B03A28E00711090 /* ToDoTests.xctest */ = {isa = PBXFileReference; explicitFileType = wrapper.cfbundle; includeInIndex = 0; path = ToDoTests.xctest; sourceTree = BUILT_PRODUCTS_DIR; };
		06D20A202B03A28E00711090 /* ToDoTests.swift */ = {isa = PBXFileReference; lastKnownFileType = sourcecode.swift; path = ToDoTests.swift; sourceTree = "<group>"; };
		06D20A262B03A28E00711090 /* ToDoUITests.xctest */ = {isa = PBXFileReference; explicitFileType = wrapper.cfbundle; includeInIndex = 0; path = ToDoUITests.xctest; sourceTree = BUILT_PRODUCTS_DIR; };
		06D20A2A2B03A28E00711090 /* ToDoUITests.swift */ = {isa = PBXFileReference; lastKnownFileType = sourcecode.swift; path = ToDoUITests.swift; sourceTree = "<group>"; };
		06D20A2C2B03A28E00711090 /* ToDoUITestsLaunchTests.swift */ = {isa = PBXFileReference; lastKnownFileType = sourcecode.swift; path = ToDoUITestsLaunchTests.swift; sourceTree = "<group>"; };
		06D20A392B03AA6200711090 /* ToDoListView.swift */ = {isa = PBXFileReference; lastKnownFileType = sourcecode.swift; path = ToDoListView.swift; sourceTree = "<group>"; };
		06D20A3E2B03AC5A00711090 /* ToDoListViewModel.swift */ = {isa = PBXFileReference; lastKnownFileType = sourcecode.swift; path = ToDoListViewModel.swift; sourceTree = "<group>"; };
		06D20A402B03AFB500711090 /* ToDoListModel.swift */ = {isa = PBXFileReference; lastKnownFileType = sourcecode.swift; path = ToDoListModel.swift; sourceTree = "<group>"; };
		06D20A422B03B25F00711090 /* NewItemView.swift */ = {isa = PBXFileReference; lastKnownFileType = sourcecode.swift; path = NewItemView.swift; sourceTree = "<group>"; };
		06D20A442B03B3C400711090 /* NewItemViewModel.swift */ = {isa = PBXFileReference; lastKnownFileType = sourcecode.swift; path = NewItemViewModel.swift; sourceTree = "<group>"; };
/* End PBXFileReference section */

/* Begin PBXFrameworksBuildPhase section */
		06D20A092B03A28D00711090 /* Frameworks */ = {
			isa = PBXFrameworksBuildPhase;
			buildActionMask = 2147483647;
			files = (
			);
			runOnlyForDeploymentPostprocessing = 0;
		};
		06D20A192B03A28E00711090 /* Frameworks */ = {
			isa = PBXFrameworksBuildPhase;
			buildActionMask = 2147483647;
			files = (
			);
			runOnlyForDeploymentPostprocessing = 0;
		};
		06D20A232B03A28E00711090 /* Frameworks */ = {
			isa = PBXFrameworksBuildPhase;
			buildActionMask = 2147483647;
			files = (
			);
			runOnlyForDeploymentPostprocessing = 0;
		};
/* End PBXFrameworksBuildPhase section */

/* Begin PBXGroup section */
		06C463012B04D6B40080E90E /* Services */ = {
			isa = PBXGroup;
			children = (
				06C463022B04D6BF0080E90E /* APIService.swift */,
				06C463042B04D6FF0080E90E /* NetworkError.swift */,
			);
			path = Services;
			sourceTree = "<group>";
		};
		06D20A032B03A28D00711090 = {
			isa = PBXGroup;
			children = (
				06D20A0E2B03A28D00711090 /* ToDo */,
				06D20A1F2B03A28E00711090 /* ToDoTests */,
				06D20A292B03A28E00711090 /* ToDoUITests */,
				06D20A0D2B03A28D00711090 /* Products */,
			);
			sourceTree = "<group>";
		};
		06D20A0D2B03A28D00711090 /* Products */ = {
			isa = PBXGroup;
			children = (
				06D20A0C2B03A28D00711090 /* ToDo.app */,
				06D20A1C2B03A28E00711090 /* ToDoTests.xctest */,
				06D20A262B03A28E00711090 /* ToDoUITests.xctest */,
			);
			name = Products;
			sourceTree = "<group>";
		};
		06D20A0E2B03A28D00711090 /* ToDo */ = {
			isa = PBXGroup;
			children = (
				06C463012B04D6B40080E90E /* Services */,
				06D20A3D2B03AC4100711090 /* ViewModels */,
				06D20A3C2B03AC3B00711090 /* Models */,
				06D20A3B2B03AC2900711090 /* Views */,
				06D20A0F2B03A28D00711090 /* ToDoApp.swift */,
				06D20A132B03A28E00711090 /* Assets.xcassets */,
				06D20A152B03A28E00711090 /* Preview Content */,
			);
			path = ToDo;
			sourceTree = "<group>";
		};
		06D20A152B03A28E00711090 /* Preview Content */ = {
			isa = PBXGroup;
			children = (
				06D20A162B03A28E00711090 /* Preview Assets.xcassets */,
			);
			path = "Preview Content";
			sourceTree = "<group>";
		};
		06D20A1F2B03A28E00711090 /* ToDoTests */ = {
			isa = PBXGroup;
			children = (
				06D20A202B03A28E00711090 /* ToDoTests.swift */,
			);
			path = ToDoTests;
			sourceTree = "<group>";
		};
		06D20A292B03A28E00711090 /* ToDoUITests */ = {
			isa = PBXGroup;
			children = (
				06D20A2A2B03A28E00711090 /* ToDoUITests.swift */,
				06D20A2C2B03A28E00711090 /* ToDoUITestsLaunchTests.swift */,
			);
			path = ToDoUITests;
			sourceTree = "<group>";
		};
		06D20A3B2B03AC2900711090 /* Views */ = {
			isa = PBXGroup;
			children = (
				06D20A392B03AA6200711090 /* ToDoListView.swift */,
				06D20A422B03B25F00711090 /* NewItemView.swift */,
			);
			path = Views;
			sourceTree = "<group>";
		};
		06D20A3C2B03AC3B00711090 /* Models */ = {
			isa = PBXGroup;
			children = (
				06D20A402B03AFB500711090 /* ToDoListModel.swift */,
			);
			path = Models;
			sourceTree = "<group>";
		};
		06D20A3D2B03AC4100711090 /* ViewModels */ = {
			isa = PBXGroup;
			children = (
				06D20A3E2B03AC5A00711090 /* ToDoListViewModel.swift */,
				06D20A442B03B3C400711090 /* NewItemViewModel.swift */,
			);
			path = ViewModels;
			sourceTree = "<group>";
		};
/* End PBXGroup section */

/* Begin PBXNativeTarget section */
		06D20A0B2B03A28D00711090 /* ToDo */ = {
			isa = PBXNativeTarget;
			buildConfigurationList = 06D20A302B03A28E00711090 /* Build configuration list for PBXNativeTarget "ToDo" */;
			buildPhases = (
				06D20A082B03A28D00711090 /* Sources */,
				06D20A092B03A28D00711090 /* Frameworks */,
				06D20A0A2B03A28D00711090 /* Resources */,
			);
			buildRules = (
			);
			dependencies = (
			);
			name = ToDo;
			productName = ToDo;
			productReference = 06D20A0C2B03A28D00711090 /* ToDo.app */;
			productType = "com.apple.product-type.application";
		};
		06D20A1B2B03A28E00711090 /* ToDoTests */ = {
			isa = PBXNativeTarget;
			buildConfigurationList = 06D20A332B03A28E00711090 /* Build configuration list for PBXNativeTarget "ToDoTests" */;
			buildPhases = (
				06D20A182B03A28E00711090 /* Sources */,
				06D20A192B03A28E00711090 /* Frameworks */,
				06D20A1A2B03A28E00711090 /* Resources */,
			);
			buildRules = (
			);
			dependencies = (
				06D20A1E2B03A28E00711090 /* PBXTargetDependency */,
			);
			name = ToDoTests;
			productName = ToDoTests;
			productReference = 06D20A1C2B03A28E00711090 /* ToDoTests.xctest */;
			productType = "com.apple.product-type.bundle.unit-test";
		};
		06D20A252B03A28E00711090 /* ToDoUITests */ = {
			isa = PBXNativeTarget;
			buildConfigurationList = 06D20A362B03A28E00711090 /* Build configuration list for PBXNativeTarget "ToDoUITests" */;
			buildPhases = (
				06D20A222B03A28E00711090 /* Sources */,
				06D20A232B03A28E00711090 /* Frameworks */,
				06D20A242B03A28E00711090 /* Resources */,
			);
			buildRules = (
			);
			dependencies = (
				06D20A282B03A28E00711090 /* PBXTargetDependency */,
			);
			name = ToDoUITests;
			productName = ToDoUITests;
			productReference = 06D20A262B03A28E00711090 /* ToDoUITests.xctest */;
			productType = "com.apple.product-type.bundle.ui-testing";
		};
/* End PBXNativeTarget section */

/* Begin PBXProject section */
		06D20A042B03A28D00711090 /* Project object */ = {
			isa = PBXProject;
			attributes = {
				BuildIndependentTargetsInParallel = 1;
				LastSwiftUpdateCheck = 1340;
				LastUpgradeCheck = 1340;
				TargetAttributes = {
					06D20A0B2B03A28D00711090 = {
						CreatedOnToolsVersion = 13.4;
					};
					06D20A1B2B03A28E00711090 = {
						CreatedOnToolsVersion = 13.4;
						TestTargetID = 06D20A0B2B03A28D00711090;
					};
					06D20A252B03A28E00711090 = {
						CreatedOnToolsVersion = 13.4;
						TestTargetID = 06D20A0B2B03A28D00711090;
					};
				};
			};
			buildConfigurationList = 06D20A072B03A28D00711090 /* Build configuration list for PBXProject "ToDo" */;
			compatibilityVersion = "Xcode 13.0";
			developmentRegion = en;
			hasScannedForEncodings = 0;
			knownRegions = (
				en,
				Base,
			);
			mainGroup = 06D20A032B03A28D00711090;
			productRefGroup = 06D20A0D2B03A28D00711090 /* Products */;
			projectDirPath = "";
			projectRoot = "";
			targets = (
				06D20A0B2B03A28D00711090 /* ToDo */,
				06D20A1B2B03A28E00711090 /* ToDoTests */,
				06D20A252B03A28E00711090 /* ToDoUITests */,
			);
		};
/* End PBXProject section */

/* Begin PBXResourcesBuildPhase section */
		06D20A0A2B03A28D00711090 /* Resources */ = {
			isa = PBXResourcesBuildPhase;
			buildActionMask = 2147483647;
			files = (
				06D20A172B03A28E00711090 /* Preview Assets.xcassets in Resources */,
				06D20A142B03A28E00711090 /* Assets.xcassets in Resources */,
			);
			runOnlyForDeploymentPostprocessing = 0;
		};
		06D20A1A2B03A28E00711090 /* Resources */ = {
			isa = PBXResourcesBuildPhase;
			buildActionMask = 2147483647;
			files = (
			);
			runOnlyForDeploymentPostprocessing = 0;
		};
		06D20A242B03A28E00711090 /* Resources */ = {
			isa = PBXResourcesBuildPhase;
			buildActionMask = 2147483647;
			files = (
			);
			runOnlyForDeploymentPostprocessing = 0;
		};
/* End PBXResourcesBuildPhase section */

/* Begin PBXSourcesBuildPhase section */
		06D20A082B03A28D00711090 /* Sources */ = {
			isa = PBXSourcesBuildPhase;
			buildActionMask = 2147483647;
			files = (
				06D20A3F2B03AC5A00711090 /* ToDoListViewModel.swift in Sources */,
				06C463052B04D6FF0080E90E /* NetworkError.swift in Sources */,
				06C463032B04D6BF0080E90E /* APIService.swift in Sources */,
				06D20A412B03AFB500711090 /* ToDoListModel.swift in Sources */,
				06D20A452B03B3C400711090 /* NewItemViewModel.swift in Sources */,
				06D20A3A2B03AA6200711090 /* ToDoListView.swift in Sources */,
				06D20A102B03A28D00711090 /* ToDoApp.swift in Sources */,
				06D20A432B03B25F00711090 /* NewItemView.swift in Sources */,
			);
			runOnlyForDeploymentPostprocessing = 0;
		};
		06D20A182B03A28E00711090 /* Sources */ = {
			isa = PBXSourcesBuildPhase;
			buildActionMask = 2147483647;
			files = (
				06D20A212B03A28E00711090 /* ToDoTests.swift in Sources */,
			);
			runOnlyForDeploymentPostprocessing = 0;
		};
		06D20A222B03A28E00711090 /* Sources */ = {
			isa = PBXSourcesBuildPhase;
			buildActionMask = 2147483647;
			files = (
				06D20A2D2B03A28E00711090 /* ToDoUITestsLaunchTests.swift in Sources */,
				06D20A2B2B03A28E00711090 /* ToDoUITests.swift in Sources */,
			);
			runOnlyForDeploymentPostprocessing = 0;
		};
/* End PBXSourcesBuildPhase section */

/* Begin PBXTargetDependency section */
		06D20A1E2B03A28E00711090 /* PBXTargetDependency */ = {
			isa = PBXTargetDependency;
			target = 06D20A0B2B03A28D00711090 /* ToDo */;
			targetProxy = 06D20A1D2B03A28E00711090 /* PBXContainerItemProxy */;
		};
		06D20A282B03A28E00711090 /* PBXTargetDependency */ = {
			isa = PBXTargetDependency;
			target = 06D20A0B2B03A28D00711090 /* ToDo */;
			targetProxy = 06D20A272B03A28E00711090 /* PBXContainerItemProxy */;
		};
/* End PBXTargetDependency section */

/* Begin XCBuildConfiguration section */
		06D20A2E2B03A28E00711090 /* Debug */ = {
			isa = XCBuildConfiguration;
			buildSettings = {
				ALWAYS_SEARCH_USER_PATHS = NO;
				CLANG_ANALYZER_NONNULL = YES;
				CLANG_ANALYZER_NUMBER_OBJECT_CONVERSION = YES_AGGRESSIVE;
				CLANG_CXX_LANGUAGE_STANDARD = "gnu++17";
				CLANG_ENABLE_MODULES = YES;
				CLANG_ENABLE_OBJC_ARC = YES;
				CLANG_ENABLE_OBJC_WEAK = YES;
				CLANG_WARN_BLOCK_CAPTURE_AUTORELEASING = YES;
				CLANG_WARN_BOOL_CONVERSION = YES;
				CLANG_WARN_COMMA = YES;
				CLANG_WARN_CONSTANT_CONVERSION = YES;
				CLANG_WARN_DEPRECATED_OBJC_IMPLEMENTATIONS = YES;
				CLANG_WARN_DIRECT_OBJC_ISA_USAGE = YES_ERROR;
				CLANG_WARN_DOCUMENTATION_COMMENTS = YES;
				CLANG_WARN_EMPTY_BODY = YES;
				CLANG_WARN_ENUM_CONVERSION = YES;
				CLANG_WARN_INFINITE_RECURSION = YES;
				CLANG_WARN_INT_CONVERSION = YES;
				CLANG_WARN_NON_LITERAL_NULL_CONVERSION = YES;
				CLANG_WARN_OBJC_IMPLICIT_RETAIN_SELF = YES;
				CLANG_WARN_OBJC_LITERAL_CONVERSION = YES;
				CLANG_WARN_OBJC_ROOT_CLASS = YES_ERROR;
				CLANG_WARN_QUOTED_INCLUDE_IN_FRAMEWORK_HEADER = YES;
				CLANG_WARN_RANGE_LOOP_ANALYSIS = YES;
				CLANG_WARN_STRICT_PROTOTYPES = YES;
				CLANG_WARN_SUSPICIOUS_MOVE = YES;
				CLANG_WARN_UNGUARDED_AVAILABILITY = YES_AGGRESSIVE;
				CLANG_WARN_UNREACHABLE_CODE = YES;
				CLANG_WARN__DUPLICATE_METHOD_MATCH = YES;
				COPY_PHASE_STRIP = NO;
				DEBUG_INFORMATION_FORMAT = dwarf;
				ENABLE_STRICT_OBJC_MSGSEND = YES;
				ENABLE_TESTABILITY = YES;
				GCC_C_LANGUAGE_STANDARD = gnu11;
				GCC_DYNAMIC_NO_PIC = NO;
				GCC_NO_COMMON_BLOCKS = YES;
				GCC_OPTIMIZATION_LEVEL = 0;
				GCC_PREPROCESSOR_DEFINITIONS = (
					"DEBUG=1",
					"$(inherited)",
				);
				GCC_WARN_64_TO_32_BIT_CONVERSION = YES;
				GCC_WARN_ABOUT_RETURN_TYPE = YES_ERROR;
				GCC_WARN_UNDECLARED_SELECTOR = YES;
				GCC_WARN_UNINITIALIZED_AUTOS = YES_AGGRESSIVE;
				GCC_WARN_UNUSED_FUNCTION = YES;
				GCC_WARN_UNUSED_VARIABLE = YES;
				IPHONEOS_DEPLOYMENT_TARGET = 15.5;
				MTL_ENABLE_DEBUG_INFO = INCLUDE_SOURCE;
				MTL_FAST_MATH = YES;
				ONLY_ACTIVE_ARCH = YES;
				SDKROOT = iphoneos;
				SWIFT_ACTIVE_COMPILATION_CONDITIONS = DEBUG;
				SWIFT_OPTIMIZATION_LEVEL = "-Onone";
			};
			name = Debug;
		};
		06D20A2F2B03A28E00711090 /* Release */ = {
			isa = XCBuildConfiguration;
			buildSettings = {
				ALWAYS_SEARCH_USER_PATHS = NO;
				CLANG_ANALYZER_NONNULL = YES;
				CLANG_ANALYZER_NUMBER_OBJECT_CONVERSION = YES_AGGRESSIVE;
				CLANG_CXX_LANGUAGE_STANDARD = "gnu++17";
				CLANG_ENABLE_MODULES = YES;
				CLANG_ENABLE_OBJC_ARC = YES;
				CLANG_ENABLE_OBJC_WEAK = YES;
				CLANG_WARN_BLOCK_CAPTURE_AUTORELEASING = YES;
				CLANG_WARN_BOOL_CONVERSION = YES;
				CLANG_WARN_COMMA = YES;
				CLANG_WARN_CONSTANT_CONVERSION = YES;
				CLANG_WARN_DEPRECATED_OBJC_IMPLEMENTATIONS = YES;
				CLANG_WARN_DIRECT_OBJC_ISA_USAGE = YES_ERROR;
				CLANG_WARN_DOCUMENTATION_COMMENTS = YES;
				CLANG_WARN_EMPTY_BODY = YES;
				CLANG_WARN_ENUM_CONVERSION = YES;
				CLANG_WARN_INFINITE_RECURSION = YES;
				CLANG_WARN_INT_CONVERSION = YES;
				CLANG_WARN_NON_LITERAL_NULL_CONVERSION = YES;
				CLANG_WARN_OBJC_IMPLICIT_RETAIN_SELF = YES;
				CLANG_WARN_OBJC_LITERAL_CONVERSION = YES;
				CLANG_WARN_OBJC_ROOT_CLASS = YES_ERROR;
				CLANG_WARN_QUOTED_INCLUDE_IN_FRAMEWORK_HEADER = YES;
				CLANG_WARN_RANGE_LOOP_ANALYSIS = YES;
				CLANG_WARN_STRICT_PROTOTYPES = YES;
				CLANG_WARN_SUSPICIOUS_MOVE = YES;
				CLANG_WARN_UNGUARDED_AVAILABILITY = YES_AGGRESSIVE;
				CLANG_WARN_UNREACHABLE_CODE = YES;
				CLANG_WARN__DUPLICATE_METHOD_MATCH = YES;
				COPY_PHASE_STRIP = NO;
				DEBUG_INFORMATION_FORMAT = "dwarf-with-dsym";
				ENABLE_NS_ASSERTIONS = NO;
				ENABLE_STRICT_OBJC_MSGSEND = YES;
				GCC_C_LANGUAGE_STANDARD = gnu11;
				GCC_NO_COMMON_BLOCKS = YES;
				GCC_WARN_64_TO_32_BIT_CONVERSION = YES;
				GCC_WARN_ABOUT_RETURN_TYPE = YES_ERROR;
				GCC_WARN_UNDECLARED_SELECTOR = YES;
				GCC_WARN_UNINITIALIZED_AUTOS = YES_AGGRESSIVE;
				GCC_WARN_UNUSED_FUNCTION = YES;
				GCC_WARN_UNUSED_VARIABLE = YES;
				IPHONEOS_DEPLOYMENT_TARGET = 15.5;
				MTL_ENABLE_DEBUG_INFO = NO;
				MTL_FAST_MATH = YES;
				SDKROOT = iphoneos;
				SWIFT_COMPILATION_MODE = wholemodule;
				SWIFT_OPTIMIZATION_LEVEL = "-O";
				VALIDATE_PRODUCT = YES;
			};
			name = Release;
		};
		06D20A312B03A28E00711090 /* Debug */ = {
			isa = XCBuildConfiguration;
			buildSettings = {
				ASSETCATALOG_COMPILER_APPICON_NAME = AppIcon;
				ASSETCATALOG_COMPILER_GLOBAL_ACCENT_COLOR_NAME = AccentColor;
				CODE_SIGN_STYLE = Automatic;
				CURRENT_PROJECT_VERSION = 1;
				DEVELOPMENT_ASSET_PATHS = "\"ToDo/Preview Content\"";
				DEVELOPMENT_TEAM = GZFLA6HU23;
				ENABLE_PREVIEWS = YES;
				GENERATE_INFOPLIST_FILE = YES;
				INFOPLIST_KEY_UIApplicationSceneManifest_Generation = YES;
				INFOPLIST_KEY_UIApplicationSupportsIndirectInputEvents = YES;
				INFOPLIST_KEY_UILaunchScreen_Generation = YES;
				INFOPLIST_KEY_UISupportedInterfaceOrientations_iPad = "UIInterfaceOrientationPortrait UIInterfaceOrientationPortraitUpsideDown UIInterfaceOrientationLandscapeLeft UIInterfaceOrientationLandscapeRight";
				INFOPLIST_KEY_UISupportedInterfaceOrientations_iPhone = "UIInterfaceOrientationPortrait UIInterfaceOrientationLandscapeLeft UIInterfaceOrientationLandscapeRight";
				LD_RUNPATH_SEARCH_PATHS = (
					"$(inherited)",
					"@executable_path/Frameworks",
				);
				MARKETING_VERSION = 1.0;
				PRODUCT_BUNDLE_IDENTIFIER = ITC.ToDo;
				PRODUCT_NAME = "$(TARGET_NAME)";
				SWIFT_EMIT_LOC_STRINGS = YES;
				SWIFT_VERSION = 5.0;
				TARGETED_DEVICE_FAMILY = "1,2";
			};
			name = Debug;
		};
		06D20A322B03A28E00711090 /* Release */ = {
			isa = XCBuildConfiguration;
			buildSettings = {
				ASSETCATALOG_COMPILER_APPICON_NAME = AppIcon;
				ASSETCATALOG_COMPILER_GLOBAL_ACCENT_COLOR_NAME = AccentColor;
				CODE_SIGN_STYLE = Automatic;
				CURRENT_PROJECT_VERSION = 1;
				DEVELOPMENT_ASSET_PATHS = "\"ToDo/Preview Content\"";
				DEVELOPMENT_TEAM = GZFLA6HU23;
				ENABLE_PREVIEWS = YES;
				GENERATE_INFOPLIST_FILE = YES;
				INFOPLIST_KEY_UIApplicationSceneManifest_Generation = YES;
				INFOPLIST_KEY_UIApplicationSupportsIndirectInputEvents = YES;
				INFOPLIST_KEY_UILaunchScreen_Generation = YES;
				INFOPLIST_KEY_UISupportedInterfaceOrientations_iPad = "UIInterfaceOrientationPortrait UIInterfaceOrientationPortraitUpsideDown UIInterfaceOrientationLandscapeLeft UIInterfaceOrientationLandscapeRight";
				INFOPLIST_KEY_UISupportedInterfaceOrientations_iPhone = "UIInterfaceOrientationPortrait UIInterfaceOrientationLandscapeLeft UIInterfaceOrientationLandscapeRight";
				LD_RUNPATH_SEARCH_PATHS = (
					"$(inherited)",
					"@executable_path/Frameworks",
				);
				MARKETING_VERSION = 1.0;
				PRODUCT_BUNDLE_IDENTIFIER = ITC.ToDo;
				PRODUCT_NAME = "$(TARGET_NAME)";
				SWIFT_EMIT_LOC_STRINGS = YES;
				SWIFT_VERSION = 5.0;
				TARGETED_DEVICE_FAMILY = "1,2";
			};
			name = Release;
		};
		06D20A342B03A28E00711090 /* Debug */ = {
			isa = XCBuildConfiguration;
			buildSettings = {
				ALWAYS_EMBED_SWIFT_STANDARD_LIBRARIES = YES;
				BUNDLE_LOADER = "$(TEST_HOST)";
				CODE_SIGN_STYLE = Automatic;
				CURRENT_PROJECT_VERSION = 1;
				DEVELOPMENT_TEAM = GZFLA6HU23;
				GENERATE_INFOPLIST_FILE = YES;
				IPHONEOS_DEPLOYMENT_TARGET = 15.5;
				MARKETING_VERSION = 1.0;
				PRODUCT_BUNDLE_IDENTIFIER = ITC.ToDoTests;
				PRODUCT_NAME = "$(TARGET_NAME)";
				SWIFT_EMIT_LOC_STRINGS = NO;
				SWIFT_VERSION = 5.0;
				TARGETED_DEVICE_FAMILY = "1,2";
				TEST_HOST = "$(BUILT_PRODUCTS_DIR)/ToDo.app/ToDo";
			};
			name = Debug;
		};
		06D20A352B03A28E00711090 /* Release */ = {
			isa = XCBuildConfiguration;
			buildSettings = {
				ALWAYS_EMBED_SWIFT_STANDARD_LIBRARIES = YES;
				BUNDLE_LOADER = "$(TEST_HOST)";
				CODE_SIGN_STYLE = Automatic;
				CURRENT_PROJECT_VERSION = 1;
				DEVELOPMENT_TEAM = GZFLA6HU23;
				GENERATE_INFOPLIST_FILE = YES;
				IPHONEOS_DEPLOYMENT_TARGET = 15.5;
				MARKETING_VERSION = 1.0;
				PRODUCT_BUNDLE_IDENTIFIER = ITC.ToDoTests;
				PRODUCT_NAME = "$(TARGET_NAME)";
				SWIFT_EMIT_LOC_STRINGS = NO;
				SWIFT_VERSION = 5.0;
				TARGETED_DEVICE_FAMILY = "1,2";
				TEST_HOST = "$(BUILT_PRODUCTS_DIR)/ToDo.app/ToDo";
			};
			name = Release;
		};
		06D20A372B03A28E00711090 /* Debug */ = {
			isa = XCBuildConfiguration;
			buildSettings = {
				ALWAYS_EMBED_SWIFT_STANDARD_LIBRARIES = YES;
				CODE_SIGN_STYLE = Automatic;
				CURRENT_PROJECT_VERSION = 1;
				DEVELOPMENT_TEAM = GZFLA6HU23;
				GENERATE_INFOPLIST_FILE = YES;
				MARKETING_VERSION = 1.0;
				PRODUCT_BUNDLE_IDENTIFIER = ITC.ToDoUITests;
				PRODUCT_NAME = "$(TARGET_NAME)";
				SWIFT_EMIT_LOC_STRINGS = NO;
				SWIFT_VERSION = 5.0;
				TARGETED_DEVICE_FAMILY = "1,2";
				TEST_TARGET_NAME = ToDo;
			};
			name = Debug;
		};
		06D20A382B03A28E00711090 /* Release */ = {
			isa = XCBuildConfiguration;
			buildSettings = {
				ALWAYS_EMBED_SWIFT_STANDARD_LIBRARIES = YES;
				CODE_SIGN_STYLE = Automatic;
				CURRENT_PROJECT_VERSION = 1;
				DEVELOPMENT_TEAM = GZFLA6HU23;
				GENERATE_INFOPLIST_FILE = YES;
				MARKETING_VERSION = 1.0;
				PRODUCT_BUNDLE_IDENTIFIER = ITC.ToDoUITests;
				PRODUCT_NAME = "$(TARGET_NAME)";
				SWIFT_EMIT_LOC_STRINGS = NO;
				SWIFT_VERSION = 5.0;
				TARGETED_DEVICE_FAMILY = "1,2";
				TEST_TARGET_NAME = ToDo;
			};
			name = Release;
		};
/* End XCBuildConfiguration section */

/* Begin XCConfigurationList section */
		06D20A072B03A28D00711090 /* Build configuration list for PBXProject "ToDo" */ = {
			isa = XCConfigurationList;
			buildConfigurations = (
				06D20A2E2B03A28E00711090 /* Debug */,
				06D20A2F2B03A28E00711090 /* Release */,
			);
			defaultConfigurationIsVisible = 0;
			defaultConfigurationName = Release;
		};
		06D20A302B03A28E00711090 /* Build configuration list for PBXNativeTarget "ToDo" */ = {
			isa = XCConfigurationList;
			buildConfigurations = (
				06D20A312B03A28E00711090 /* Debug */,
				06D20A322B03A28E00711090 /* Release */,
			);
			defaultConfigurationIsVisible = 0;
			defaultConfigurationName = Release;
		};
		06D20A332B03A28E00711090 /* Build configuration list for PBXNativeTarget "ToDoTests" */ = {
			isa = XCConfigurationList;
			buildConfigurations = (
				06D20A342B03A28E00711090 /* Debug */,
				06D20A352B03A28E00711090 /* Release */,
			);
			defaultConfigurationIsVisible = 0;
			defaultConfigurationName = Release;
		};
		06D20A362B03A28E00711090 /* Build configuration list for PBXNativeTarget "ToDoUITests" */ = {
			isa = XCConfigurationList;
			buildConfigurations = (
				06D20A372B03A28E00711090 /* Debug */,
				06D20A382B03A28E00711090 /* Release */,
			);
			defaultConfigurationIsVisible = 0;
			defaultConfigurationName = Release;
		};
/* End XCConfigurationList section */
	};
	rootObject = 06D20A042B03A28D00711090 /* Project object */;
}
